// !$*UTF8*$!
{
	archiveVersion = 1;
	classes = {
	};
	objectVersion = 55;
	objects = {

/* Begin PBXBuildFile section */
		3052C9C228B5BB280022D20E /* ListMoviePresenterMock.swift in Sources */ = {isa = PBXBuildFile; fileRef = 3052C9C128B5BB280022D20E /* ListMoviePresenterMock.swift */; };
		3068066B28AF41F800853EDA /* CinemaPrinterestCell.swift in Sources */ = {isa = PBXBuildFile; fileRef = 3068066928AF41F800853EDA /* CinemaPrinterestCell.swift */; };
		3068066C28AF41F800853EDA /* CinemaPrinterestCell.xib in Resources */ = {isa = PBXBuildFile; fileRef = 3068066A28AF41F800853EDA /* CinemaPrinterestCell.xib */; };
		3068066E28AF434800853EDA /* PrinterestLayout.swift in Sources */ = {isa = PBXBuildFile; fileRef = 3068066D28AF434800853EDA /* PrinterestLayout.swift */; };
		306C7FED28A5E0D100CA650D /* BaseRequest.swift in Sources */ = {isa = PBXBuildFile; fileRef = 306C7FEC28A5E0D100CA650D /* BaseRequest.swift */; };
		306C7FF028A5E19B00CA650D /* FilmModel.swift in Sources */ = {isa = PBXBuildFile; fileRef = 306C7FEF28A5E19B00CA650D /* FilmModel.swift */; };
		306C7FF328A5E20D00CA650D /* HomeViewModel.swift in Sources */ = {isa = PBXBuildFile; fileRef = 306C7FF228A5E20D00CA650D /* HomeViewModel.swift */; };
		30723F2D289BEA5400BFF19B /* AppDelegate.swift in Sources */ = {isa = PBXBuildFile; fileRef = 30723F2C289BEA5400BFF19B /* AppDelegate.swift */; };
		30723F2F289BEA5400BFF19B /* SceneDelegate.swift in Sources */ = {isa = PBXBuildFile; fileRef = 30723F2E289BEA5400BFF19B /* SceneDelegate.swift */; };
		30723F31289BEA5400BFF19B /* ViewController.swift in Sources */ = {isa = PBXBuildFile; fileRef = 30723F30289BEA5400BFF19B /* ViewController.swift */; };
		30723F34289BEA5400BFF19B /* Main.storyboard in Resources */ = {isa = PBXBuildFile; fileRef = 30723F32289BEA5400BFF19B /* Main.storyboard */; };
		30723F36289BEA5500BFF19B /* Assets.xcassets in Resources */ = {isa = PBXBuildFile; fileRef = 30723F35289BEA5500BFF19B /* Assets.xcassets */; };
		30723F39289BEA5500BFF19B /* LaunchScreen.storyboard in Resources */ = {isa = PBXBuildFile; fileRef = 30723F37289BEA5500BFF19B /* LaunchScreen.storyboard */; };
		30723F44289BEA5600BFF19B /* ListMovieExampleTests.swift in Sources */ = {isa = PBXBuildFile; fileRef = 30723F43289BEA5600BFF19B /* ListMovieExampleTests.swift */; };
		30723F4E289BEA5600BFF19B /* ListMovieExampleUITests.swift in Sources */ = {isa = PBXBuildFile; fileRef = 30723F4D289BEA5600BFF19B /* ListMovieExampleUITests.swift */; };
		30723F50289BEA5600BFF19B /* ListMovieExampleUITestsLaunchTests.swift in Sources */ = {isa = PBXBuildFile; fileRef = 30723F4F289BEA5600BFF19B /* ListMovieExampleUITestsLaunchTests.swift */; };
		30723F5F289BEA8000BFF19B /* CinemaCell.swift in Sources */ = {isa = PBXBuildFile; fileRef = 30723F5D289BEA8000BFF19B /* CinemaCell.swift */; };
		30723F60289BEA8000BFF19B /* CinemaCell.xib in Resources */ = {isa = PBXBuildFile; fileRef = 30723F5E289BEA8000BFF19B /* CinemaCell.xib */; };
		3098968728BEF0B200402408 /* Alamofire in Frameworks */ = {isa = PBXBuildFile; productRef = 3098968628BEF0B200402408 /* Alamofire */; };
		3098968928BEF0B200402408 /* RxCocoa in Frameworks */ = {isa = PBXBuildFile; productRef = 3098968828BEF0B200402408 /* RxCocoa */; };
		3098968B28BEF0B200402408 /* RxSwift in Frameworks */ = {isa = PBXBuildFile; productRef = 3098968A28BEF0B200402408 /* RxSwift */; };
		3098968D28BEF0B200402408 /* SDWebImage in Frameworks */ = {isa = PBXBuildFile; productRef = 3098968C28BEF0B200402408 /* SDWebImage */; };
		30D2119428C8930500CE045C /* WeatherViewController.swift in Sources */ = {isa = PBXBuildFile; fileRef = 30D2119128C8930500CE045C /* WeatherViewController.swift */; };
		30D2119528C8930500CE045C /* WeatherViewModel.swift in Sources */ = {isa = PBXBuildFile; fileRef = 30D2119228C8930500CE045C /* WeatherViewModel.swift */; };
		30D2119628C8930500CE045C /* WeatherViewController.xib in Resources */ = {isa = PBXBuildFile; fileRef = 30D2119328C8930500CE045C /* WeatherViewController.xib */; };
		30D2119828C8931600CE045C /* Box.swift in Sources */ = {isa = PBXBuildFile; fileRef = 30D2119728C8931600CE045C /* Box.swift */; };
		30F9781228B36DDC00F95EDD /* PromotionViewController.swift in Sources */ = {isa = PBXBuildFile; fileRef = 30F9780F28B36DDC00F95EDD /* PromotionViewController.swift */; };
		30F9781328B36DDC00F95EDD /* PromotionViewModel.swift in Sources */ = {isa = PBXBuildFile; fileRef = 30F9781028B36DDC00F95EDD /* PromotionViewModel.swift */; };
		30F9781428B36DDC00F95EDD /* PromotionViewController.xib in Resources */ = {isa = PBXBuildFile; fileRef = 30F9781128B36DDC00F95EDD /* PromotionViewController.xib */; };
		30F9781728B3744B00F95EDD /* TrafficLightService.swift in Sources */ = {isa = PBXBuildFile; fileRef = 30F9781628B3744B00F95EDD /* TrafficLightService.swift */; };
		30F9781928B374B200F95EDD /* TrafficPresenter.swift in Sources */ = {isa = PBXBuildFile; fileRef = 30F9781828B374B200F95EDD /* TrafficPresenter.swift */; };
		30F9781C28B3897400F95EDD /* PromotionVIewModelTesting.swift in Sources */ = {isa = PBXBuildFile; fileRef = 30F9781B28B3897400F95EDD /* PromotionVIewModelTesting.swift */; };
		30F9782028B38C8700F95EDD /* MovieViewController.swift in Sources */ = {isa = PBXBuildFile; fileRef = 30F9781D28B38C8700F95EDD /* MovieViewController.swift */; };
		30F9782128B38C8700F95EDD /* MovieViewModel.swift in Sources */ = {isa = PBXBuildFile; fileRef = 30F9781E28B38C8700F95EDD /* MovieViewModel.swift */; };
		30F9782228B38C8700F95EDD /* MovieViewController.xib in Resources */ = {isa = PBXBuildFile; fileRef = 30F9781F28B38C8700F95EDD /* MovieViewController.xib */; };
/* End PBXBuildFile section */

/* Begin PBXContainerItemProxy section */
		30723F40289BEA5600BFF19B /* PBXContainerItemProxy */ = {
			isa = PBXContainerItemProxy;
			containerPortal = 30723F21289BEA5400BFF19B /* Project object */;
			proxyType = 1;
			remoteGlobalIDString = 30723F28289BEA5400BFF19B;
			remoteInfo = ListMovieExample;
		};
		30723F4A289BEA5600BFF19B /* PBXContainerItemProxy */ = {
			isa = PBXContainerItemProxy;
			containerPortal = 30723F21289BEA5400BFF19B /* Project object */;
			proxyType = 1;
			remoteGlobalIDString = 30723F28289BEA5400BFF19B;
			remoteInfo = ListMovieExample;
		};
/* End PBXContainerItemProxy section */

/* Begin PBXFileReference section */
		3052C9C128B5BB280022D20E /* ListMoviePresenterMock.swift */ = {isa = PBXFileReference; lastKnownFileType = sourcecode.swift; path = ListMoviePresenterMock.swift; sourceTree = "<group>"; };
		3068066928AF41F800853EDA /* CinemaPrinterestCell.swift */ = {isa = PBXFileReference; lastKnownFileType = sourcecode.swift; path = CinemaPrinterestCell.swift; sourceTree = "<group>"; };
		3068066A28AF41F800853EDA /* CinemaPrinterestCell.xib */ = {isa = PBXFileReference; lastKnownFileType = file.xib; path = CinemaPrinterestCell.xib; sourceTree = "<group>"; };
		3068066D28AF434800853EDA /* PrinterestLayout.swift */ = {isa = PBXFileReference; lastKnownFileType = sourcecode.swift; path = PrinterestLayout.swift; sourceTree = "<group>"; };
		306C7FEC28A5E0D100CA650D /* BaseRequest.swift */ = {isa = PBXFileReference; lastKnownFileType = sourcecode.swift; path = BaseRequest.swift; sourceTree = "<group>"; };
		306C7FEF28A5E19B00CA650D /* FilmModel.swift */ = {isa = PBXFileReference; lastKnownFileType = sourcecode.swift; path = FilmModel.swift; sourceTree = "<group>"; };
		306C7FF228A5E20D00CA650D /* HomeViewModel.swift */ = {isa = PBXFileReference; lastKnownFileType = sourcecode.swift; path = HomeViewModel.swift; sourceTree = "<group>"; };
		30723F29289BEA5400BFF19B /* ListMovieExample.app */ = {isa = PBXFileReference; explicitFileType = wrapper.application; includeInIndex = 0; path = ListMovieExample.app; sourceTree = BUILT_PRODUCTS_DIR; };
		30723F2C289BEA5400BFF19B /* AppDelegate.swift */ = {isa = PBXFileReference; lastKnownFileType = sourcecode.swift; path = AppDelegate.swift; sourceTree = "<group>"; };
		30723F2E289BEA5400BFF19B /* SceneDelegate.swift */ = {isa = PBXFileReference; lastKnownFileType = sourcecode.swift; path = SceneDelegate.swift; sourceTree = "<group>"; };
		30723F30289BEA5400BFF19B /* ViewController.swift */ = {isa = PBXFileReference; lastKnownFileType = sourcecode.swift; path = ViewController.swift; sourceTree = "<group>"; };
		30723F33289BEA5400BFF19B /* Base */ = {isa = PBXFileReference; lastKnownFileType = file.storyboard; name = Base; path = Base.lproj/Main.storyboard; sourceTree = "<group>"; };
		30723F35289BEA5500BFF19B /* Assets.xcassets */ = {isa = PBXFileReference; lastKnownFileType = folder.assetcatalog; path = Assets.xcassets; sourceTree = "<group>"; };
		30723F38289BEA5500BFF19B /* Base */ = {isa = PBXFileReference; lastKnownFileType = file.storyboard; name = Base; path = Base.lproj/LaunchScreen.storyboard; sourceTree = "<group>"; };
		30723F3A289BEA5500BFF19B /* Info.plist */ = {isa = PBXFileReference; lastKnownFileType = text.plist.xml; path = Info.plist; sourceTree = "<group>"; };
		30723F3F289BEA5600BFF19B /* ListMovieExampleTests.xctest */ = {isa = PBXFileReference; explicitFileType = wrapper.cfbundle; includeInIndex = 0; path = ListMovieExampleTests.xctest; sourceTree = BUILT_PRODUCTS_DIR; };
		30723F43289BEA5600BFF19B /* ListMovieExampleTests.swift */ = {isa = PBXFileReference; lastKnownFileType = sourcecode.swift; path = ListMovieExampleTests.swift; sourceTree = "<group>"; };
		30723F49289BEA5600BFF19B /* ListMovieExampleUITests.xctest */ = {isa = PBXFileReference; explicitFileType = wrapper.cfbundle; includeInIndex = 0; path = ListMovieExampleUITests.xctest; sourceTree = BUILT_PRODUCTS_DIR; };
		30723F4D289BEA5600BFF19B /* ListMovieExampleUITests.swift */ = {isa = PBXFileReference; lastKnownFileType = sourcecode.swift; path = ListMovieExampleUITests.swift; sourceTree = "<group>"; };
		30723F4F289BEA5600BFF19B /* ListMovieExampleUITestsLaunchTests.swift */ = {isa = PBXFileReference; lastKnownFileType = sourcecode.swift; path = ListMovieExampleUITestsLaunchTests.swift; sourceTree = "<group>"; };
		30723F5D289BEA8000BFF19B /* CinemaCell.swift */ = {isa = PBXFileReference; lastKnownFileType = sourcecode.swift; path = CinemaCell.swift; sourceTree = "<group>"; };
		30723F5E289BEA8000BFF19B /* CinemaCell.xib */ = {isa = PBXFileReference; lastKnownFileType = file.xib; path = CinemaCell.xib; sourceTree = "<group>"; };
		30D2119128C8930500CE045C /* WeatherViewController.swift */ = {isa = PBXFileReference; lastKnownFileType = sourcecode.swift; path = WeatherViewController.swift; sourceTree = "<group>"; };
		30D2119228C8930500CE045C /* WeatherViewModel.swift */ = {isa = PBXFileReference; lastKnownFileType = sourcecode.swift; path = WeatherViewModel.swift; sourceTree = "<group>"; };
		30D2119328C8930500CE045C /* WeatherViewController.xib */ = {isa = PBXFileReference; lastKnownFileType = file.xib; path = WeatherViewController.xib; sourceTree = "<group>"; };
		30D2119728C8931600CE045C /* Box.swift */ = {isa = PBXFileReference; lastKnownFileType = sourcecode.swift; path = Box.swift; sourceTree = "<group>"; };
		30F9780F28B36DDC00F95EDD /* PromotionViewController.swift */ = {isa = PBXFileReference; lastKnownFileType = sourcecode.swift; path = PromotionViewController.swift; sourceTree = "<group>"; };
		30F9781028B36DDC00F95EDD /* PromotionViewModel.swift */ = {isa = PBXFileReference; lastKnownFileType = sourcecode.swift; path = PromotionViewModel.swift; sourceTree = "<group>"; };
		30F9781128B36DDC00F95EDD /* PromotionViewController.xib */ = {isa = PBXFileReference; lastKnownFileType = file.xib; path = PromotionViewController.xib; sourceTree = "<group>"; };
		30F9781628B3744B00F95EDD /* TrafficLightService.swift */ = {isa = PBXFileReference; lastKnownFileType = sourcecode.swift; path = TrafficLightService.swift; sourceTree = "<group>"; };
		30F9781828B374B200F95EDD /* TrafficPresenter.swift */ = {isa = PBXFileReference; lastKnownFileType = sourcecode.swift; path = TrafficPresenter.swift; sourceTree = "<group>"; };
		30F9781B28B3897400F95EDD /* PromotionVIewModelTesting.swift */ = {isa = PBXFileReference; lastKnownFileType = sourcecode.swift; path = PromotionVIewModelTesting.swift; sourceTree = "<group>"; };
		30F9781D28B38C8700F95EDD /* MovieViewController.swift */ = {isa = PBXFileReference; lastKnownFileType = sourcecode.swift; path = MovieViewController.swift; sourceTree = "<group>"; };
		30F9781E28B38C8700F95EDD /* MovieViewModel.swift */ = {isa = PBXFileReference; lastKnownFileType = sourcecode.swift; path = MovieViewModel.swift; sourceTree = "<group>"; };
		30F9781F28B38C8700F95EDD /* MovieViewController.xib */ = {isa = PBXFileReference; lastKnownFileType = file.xib; path = MovieViewController.xib; sourceTree = "<group>"; };
/* End PBXFileReference section */

/* Begin PBXFrameworksBuildPhase section */
		30723F26289BEA5400BFF19B /* Frameworks */ = {
			isa = PBXFrameworksBuildPhase;
			buildActionMask = 2147483647;
			files = (
				3098968B28BEF0B200402408 /* RxSwift in Frameworks */,
				3098968928BEF0B200402408 /* RxCocoa in Frameworks */,
				3098968D28BEF0B200402408 /* SDWebImage in Frameworks */,
				3098968728BEF0B200402408 /* Alamofire in Frameworks */,
			);
			runOnlyForDeploymentPostprocessing = 0;
		};
		30723F3C289BEA5600BFF19B /* Frameworks */ = {
			isa = PBXFrameworksBuildPhase;
			buildActionMask = 2147483647;
			files = (
			);
			runOnlyForDeploymentPostprocessing = 0;
		};
		30723F46289BEA5600BFF19B /* Frameworks */ = {
			isa = PBXFrameworksBuildPhase;
			buildActionMask = 2147483647;
			files = (
			);
			runOnlyForDeploymentPostprocessing = 0;
		};
/* End PBXFrameworksBuildPhase section */

/* Begin PBXGroup section */
		3052C9C028B5BB070022D20E /* Mock */ = {
			isa = PBXGroup;
			children = (
				3052C9C128B5BB280022D20E /* ListMoviePresenterMock.swift */,
			);
			path = Mock;
			sourceTree = "<group>";
		};
		3068066828AF35D100853EDA /* PrinterestLayout */ = {
			isa = PBXGroup;
			children = (
				3068066D28AF434800853EDA /* PrinterestLayout.swift */,
			);
			path = PrinterestLayout;
			sourceTree = "<group>";
		};
		306C7FEE28A5E17300CA650D /* Models */ = {
			isa = PBXGroup;
			children = (
				306C7FEF28A5E19B00CA650D /* FilmModel.swift */,
			);
			path = Models;
			sourceTree = "<group>";
		};
		306C7FF128A5E1F000CA650D /* ViewModels */ = {
			isa = PBXGroup;
			children = (
				306C7FF228A5E20D00CA650D /* HomeViewModel.swift */,
			);
			path = ViewModels;
			sourceTree = "<group>";
		};
		30723F20289BEA5400BFF19B = {
			isa = PBXGroup;
			children = (
				30723F2B289BEA5400BFF19B /* ListMovieExample */,
				30723F42289BEA5600BFF19B /* ListMovieExampleTests */,
				30723F4C289BEA5600BFF19B /* ListMovieExampleUITests */,
				30723F2A289BEA5400BFF19B /* Products */,
				3098968528BEF0B200402408 /* Frameworks */,
			);
			sourceTree = "<group>";
		};
		30723F2A289BEA5400BFF19B /* Products */ = {
			isa = PBXGroup;
			children = (
				30723F29289BEA5400BFF19B /* ListMovieExample.app */,
				30723F3F289BEA5600BFF19B /* ListMovieExampleTests.xctest */,
				30723F49289BEA5600BFF19B /* ListMovieExampleUITests.xctest */,
			);
			name = Products;
			sourceTree = "<group>";
		};
		30723F2B289BEA5400BFF19B /* ListMovieExample */ = {
			isa = PBXGroup;
			children = (
				30D2119028C892C100CE045C /* TestNewMVVM */,
				30F9781528B3741800F95EDD /* Movie */,
				30F9780028B36C5800F95EDD /* Home */,
				3068066828AF35D100853EDA /* PrinterestLayout */,
				306C7FF128A5E1F000CA650D /* ViewModels */,
				306C7FEE28A5E17300CA650D /* Models */,
				30723F5C289BEA6000BFF19B /* Cell */,
				30723F2C289BEA5400BFF19B /* AppDelegate.swift */,
				30723F2E289BEA5400BFF19B /* SceneDelegate.swift */,
				30723F30289BEA5400BFF19B /* ViewController.swift */,
				30723F32289BEA5400BFF19B /* Main.storyboard */,
				30723F35289BEA5500BFF19B /* Assets.xcassets */,
				30723F37289BEA5500BFF19B /* LaunchScreen.storyboard */,
				30723F3A289BEA5500BFF19B /* Info.plist */,
				306C7FEC28A5E0D100CA650D /* BaseRequest.swift */,
			);
			path = ListMovieExample;
			sourceTree = "<group>";
		};
		30723F42289BEA5600BFF19B /* ListMovieExampleTests */ = {
			isa = PBXGroup;
			children = (
				3052C9C028B5BB070022D20E /* Mock */,
				30F9781A28B3892100F95EDD /* ViewModel */,
				30723F43289BEA5600BFF19B /* ListMovieExampleTests.swift */,
			);
			path = ListMovieExampleTests;
			sourceTree = "<group>";
		};
		30723F4C289BEA5600BFF19B /* ListMovieExampleUITests */ = {
			isa = PBXGroup;
			children = (
				30723F4D289BEA5600BFF19B /* ListMovieExampleUITests.swift */,
				30723F4F289BEA5600BFF19B /* ListMovieExampleUITestsLaunchTests.swift */,
			);
			path = ListMovieExampleUITests;
			sourceTree = "<group>";
		};
		30723F5C289BEA6000BFF19B /* Cell */ = {
			isa = PBXGroup;
			children = (
				30723F5D289BEA8000BFF19B /* CinemaCell.swift */,
				30723F5E289BEA8000BFF19B /* CinemaCell.xib */,
				3068066928AF41F800853EDA /* CinemaPrinterestCell.swift */,
				3068066A28AF41F800853EDA /* CinemaPrinterestCell.xib */,
			);
			path = Cell;
			sourceTree = "<group>";
		};
		3098968528BEF0B200402408 /* Frameworks */ = {
			isa = PBXGroup;
			children = (
			);
			name = Frameworks;
			sourceTree = "<group>";
		};
		30D2119028C892C100CE045C /* TestNewMVVM */ = {
			isa = PBXGroup;
			children = (
				30D2119128C8930500CE045C /* WeatherViewController.swift */,
				30D2119228C8930500CE045C /* WeatherViewModel.swift */,
				30D2119328C8930500CE045C /* WeatherViewController.xib */,
				30D2119728C8931600CE045C /* Box.swift */,
			);
			path = TestNewMVVM;
			sourceTree = "<group>";
		};
		30F9780028B36C5800F95EDD /* Home */ = {
			isa = PBXGroup;
			children = (
				30F9780F28B36DDC00F95EDD /* PromotionViewController.swift */,
				30F9781028B36DDC00F95EDD /* PromotionViewModel.swift */,
				30F9781128B36DDC00F95EDD /* PromotionViewController.xib */,
				30F9781628B3744B00F95EDD /* TrafficLightService.swift */,
				30F9781828B374B200F95EDD /* TrafficPresenter.swift */,
			);
			path = Home;
			sourceTree = "<group>";
		};
		30F9781528B3741800F95EDD /* Movie */ = {
			isa = PBXGroup;
			children = (
				30F9781D28B38C8700F95EDD /* MovieViewController.swift */,
				30F9781E28B38C8700F95EDD /* MovieViewModel.swift */,
				30F9781F28B38C8700F95EDD /* MovieViewController.xib */,
			);
			path = Movie;
			sourceTree = "<group>";
		};
		30F9781A28B3892100F95EDD /* ViewModel */ = {
			isa = PBXGroup;
			children = (
				30F9781B28B3897400F95EDD /* PromotionVIewModelTesting.swift */,
			);
			path = ViewModel;
			sourceTree = "<group>";
		};
/* End PBXGroup section */

/* Begin PBXNativeTarget section */
		30723F28289BEA5400BFF19B /* ListMovieExample */ = {
			isa = PBXNativeTarget;
			buildConfigurationList = 30723F53289BEA5600BFF19B /* Build configuration list for PBXNativeTarget "ListMovieExample" */;
			buildPhases = (
				30723F25289BEA5400BFF19B /* Sources */,
				30723F26289BEA5400BFF19B /* Frameworks */,
				30723F27289BEA5400BFF19B /* Resources */,
			);
			buildRules = (
			);
			dependencies = (
			);
			name = ListMovieExample;
			packageProductDependencies = (
				3098968628BEF0B200402408 /* Alamofire */,
				3098968828BEF0B200402408 /* RxCocoa */,
				3098968A28BEF0B200402408 /* RxSwift */,
				3098968C28BEF0B200402408 /* SDWebImage */,
			);
			productName = ListMovieExample;
			productReference = 30723F29289BEA5400BFF19B /* ListMovieExample.app */;
			productType = "com.apple.product-type.application";
		};
		30723F3E289BEA5600BFF19B /* ListMovieExampleTests */ = {
			isa = PBXNativeTarget;
			buildConfigurationList = 30723F56289BEA5600BFF19B /* Build configuration list for PBXNativeTarget "ListMovieExampleTests" */;
			buildPhases = (
				30723F3B289BEA5600BFF19B /* Sources */,
				30723F3C289BEA5600BFF19B /* Frameworks */,
				30723F3D289BEA5600BFF19B /* Resources */,
			);
			buildRules = (
			);
			dependencies = (
				30723F41289BEA5600BFF19B /* PBXTargetDependency */,
			);
			name = ListMovieExampleTests;
			productName = ListMovieExampleTests;
			productReference = 30723F3F289BEA5600BFF19B /* ListMovieExampleTests.xctest */;
			productType = "com.apple.product-type.bundle.unit-test";
		};
		30723F48289BEA5600BFF19B /* ListMovieExampleUITests */ = {
			isa = PBXNativeTarget;
			buildConfigurationList = 30723F59289BEA5600BFF19B /* Build configuration list for PBXNativeTarget "ListMovieExampleUITests" */;
			buildPhases = (
				30723F45289BEA5600BFF19B /* Sources */,
				30723F46289BEA5600BFF19B /* Frameworks */,
				30723F47289BEA5600BFF19B /* Resources */,
			);
			buildRules = (
			);
			dependencies = (
				30723F4B289BEA5600BFF19B /* PBXTargetDependency */,
			);
			name = ListMovieExampleUITests;
			productName = ListMovieExampleUITests;
			productReference = 30723F49289BEA5600BFF19B /* ListMovieExampleUITests.xctest */;
			productType = "com.apple.product-type.bundle.ui-testing";
		};
/* End PBXNativeTarget section */

/* Begin PBXProject section */
		30723F21289BEA5400BFF19B /* Project object */ = {
			isa = PBXProject;
			attributes = {
				BuildIndependentTargetsInParallel = 1;
				LastSwiftUpdateCheck = 1340;
				LastUpgradeCheck = 1340;
				TargetAttributes = {
					30723F28289BEA5400BFF19B = {
						CreatedOnToolsVersion = 13.4;
					};
					30723F3E289BEA5600BFF19B = {
						CreatedOnToolsVersion = 13.4;
						TestTargetID = 30723F28289BEA5400BFF19B;
					};
					30723F48289BEA5600BFF19B = {
						CreatedOnToolsVersion = 13.4;
						TestTargetID = 30723F28289BEA5400BFF19B;
					};
				};
			};
			buildConfigurationList = 30723F24289BEA5400BFF19B /* Build configuration list for PBXProject "ListMovieExample" */;
			compatibilityVersion = "Xcode 13.0";
			developmentRegion = en;
			hasScannedForEncodings = 0;
			knownRegions = (
				en,
				Base,
			);
			mainGroup = 30723F20289BEA5400BFF19B;
			packageReferences = (
				30294D9328B5D039004EFF53 /* XCRemoteSwiftPackageReference "Alamofire" */,
				30294D9628B5D04B004EFF53 /* XCRemoteSwiftPackageReference "RxSwift" */,
				30294D9B28B5D062004EFF53 /* XCRemoteSwiftPackageReference "SDWebImage" */,
			);
			productRefGroup = 30723F2A289BEA5400BFF19B /* Products */;
			projectDirPath = "";
			projectRoot = "";
			targets = (
				30723F28289BEA5400BFF19B /* ListMovieExample */,
				30723F3E289BEA5600BFF19B /* ListMovieExampleTests */,
				30723F48289BEA5600BFF19B /* ListMovieExampleUITests */,
			);
		};
/* End PBXProject section */

/* Begin PBXResourcesBuildPhase section */
		30723F27289BEA5400BFF19B /* Resources */ = {
			isa = PBXResourcesBuildPhase;
			buildActionMask = 2147483647;
			files = (
				30F9781428B36DDC00F95EDD /* PromotionViewController.xib in Resources */,
				30D2119628C8930500CE045C /* WeatherViewController.xib in Resources */,
				30723F60289BEA8000BFF19B /* CinemaCell.xib in Resources */,
				30723F39289BEA5500BFF19B /* LaunchScreen.storyboard in Resources */,
				30723F36289BEA5500BFF19B /* Assets.xcassets in Resources */,
				3068066C28AF41F800853EDA /* CinemaPrinterestCell.xib in Resources */,
				30723F34289BEA5400BFF19B /* Main.storyboard in Resources */,
				30F9782228B38C8700F95EDD /* MovieViewController.xib in Resources */,
			);
			runOnlyForDeploymentPostprocessing = 0;
		};
		30723F3D289BEA5600BFF19B /* Resources */ = {
			isa = PBXResourcesBuildPhase;
			buildActionMask = 2147483647;
			files = (
			);
			runOnlyForDeploymentPostprocessing = 0;
		};
		30723F47289BEA5600BFF19B /* Resources */ = {
			isa = PBXResourcesBuildPhase;
			buildActionMask = 2147483647;
			files = (
			);
			runOnlyForDeploymentPostprocessing = 0;
		};
/* End PBXResourcesBuildPhase section */

/* Begin PBXSourcesBuildPhase section */
		30723F25289BEA5400BFF19B /* Sources */ = {
			isa = PBXSourcesBuildPhase;
			buildActionMask = 2147483647;
			files = (
				30F9781728B3744B00F95EDD /* TrafficLightService.swift in Sources */,
				30F9782028B38C8700F95EDD /* MovieViewController.swift in Sources */,
				30F9781328B36DDC00F95EDD /* PromotionViewModel.swift in Sources */,
				306C7FED28A5E0D100CA650D /* BaseRequest.swift in Sources */,
				3068066E28AF434800853EDA /* PrinterestLayout.swift in Sources */,
				30D2119428C8930500CE045C /* WeatherViewController.swift in Sources */,
				306C7FF028A5E19B00CA650D /* FilmModel.swift in Sources */,
				3068066B28AF41F800853EDA /* CinemaPrinterestCell.swift in Sources */,
				306C7FF328A5E20D00CA650D /* HomeViewModel.swift in Sources */,
				30D2119828C8931600CE045C /* Box.swift in Sources */,
				30723F5F289BEA8000BFF19B /* CinemaCell.swift in Sources */,
				30F9781228B36DDC00F95EDD /* PromotionViewController.swift in Sources */,
				30D2119528C8930500CE045C /* WeatherViewModel.swift in Sources */,
				30F9781928B374B200F95EDD /* TrafficPresenter.swift in Sources */,
				30F9782128B38C8700F95EDD /* MovieViewModel.swift in Sources */,
				30723F31289BEA5400BFF19B /* ViewController.swift in Sources */,
				30723F2D289BEA5400BFF19B /* AppDelegate.swift in Sources */,
				30723F2F289BEA5400BFF19B /* SceneDelegate.swift in Sources */,
			);
			runOnlyForDeploymentPostprocessing = 0;
		};
		30723F3B289BEA5600BFF19B /* Sources */ = {
			isa = PBXSourcesBuildPhase;
			buildActionMask = 2147483647;
			files = (
				30723F44289BEA5600BFF19B /* ListMovieExampleTests.swift in Sources */,
				30F9781C28B3897400F95EDD /* PromotionVIewModelTesting.swift in Sources */,
				3052C9C228B5BB280022D20E /* ListMoviePresenterMock.swift in Sources */,
			);
			runOnlyForDeploymentPostprocessing = 0;
		};
		30723F45289BEA5600BFF19B /* Sources */ = {
			isa = PBXSourcesBuildPhase;
			buildActionMask = 2147483647;
			files = (
				30723F50289BEA5600BFF19B /* ListMovieExampleUITestsLaunchTests.swift in Sources */,
				30723F4E289BEA5600BFF19B /* ListMovieExampleUITests.swift in Sources */,
			);
			runOnlyForDeploymentPostprocessing = 0;
		};
/* End PBXSourcesBuildPhase section */

/* Begin PBXTargetDependency section */
		30723F41289BEA5600BFF19B /* PBXTargetDependency */ = {
			isa = PBXTargetDependency;
			target = 30723F28289BEA5400BFF19B /* ListMovieExample */;
			targetProxy = 30723F40289BEA5600BFF19B /* PBXContainerItemProxy */;
		};
		30723F4B289BEA5600BFF19B /* PBXTargetDependency */ = {
			isa = PBXTargetDependency;
			target = 30723F28289BEA5400BFF19B /* ListMovieExample */;
			targetProxy = 30723F4A289BEA5600BFF19B /* PBXContainerItemProxy */;
		};
/* End PBXTargetDependency section */

/* Begin PBXVariantGroup section */
		30723F32289BEA5400BFF19B /* Main.storyboard */ = {
			isa = PBXVariantGroup;
			children = (
				30723F33289BEA5400BFF19B /* Base */,
			);
			name = Main.storyboard;
			sourceTree = "<group>";
		};
		30723F37289BEA5500BFF19B /* LaunchScreen.storyboard */ = {
			isa = PBXVariantGroup;
			children = (
				30723F38289BEA5500BFF19B /* Base */,
			);
			name = LaunchScreen.storyboard;
			sourceTree = "<group>";
		};
/* End PBXVariantGroup section */

/* Begin XCBuildConfiguration section */
		30723F51289BEA5600BFF19B /* Debug */ = {
			isa = XCBuildConfiguration;
			buildSettings = {
				ALWAYS_SEARCH_USER_PATHS = NO;
				CLANG_ANALYZER_NONNULL = YES;
				CLANG_ANALYZER_NUMBER_OBJECT_CONVERSION = YES_AGGRESSIVE;
				CLANG_CXX_LANGUAGE_STANDARD = "gnu++17";
				CLANG_ENABLE_MODULES = YES;
				CLANG_ENABLE_OBJC_ARC = YES;
				CLANG_ENABLE_OBJC_WEAK = YES;
				CLANG_WARN_BLOCK_CAPTURE_AUTORELEASING = YES;
				CLANG_WARN_BOOL_CONVERSION = YES;
				CLANG_WARN_COMMA = YES;
				CLANG_WARN_CONSTANT_CONVERSION = YES;
				CLANG_WARN_DEPRECATED_OBJC_IMPLEMENTATIONS = YES;
				CLANG_WARN_DIRECT_OBJC_ISA_USAGE = YES_ERROR;
				CLANG_WARN_DOCUMENTATION_COMMENTS = YES;
				CLANG_WARN_EMPTY_BODY = YES;
				CLANG_WARN_ENUM_CONVERSION = YES;
				CLANG_WARN_INFINITE_RECURSION = YES;
				CLANG_WARN_INT_CONVERSION = YES;
				CLANG_WARN_NON_LITERAL_NULL_CONVERSION = YES;
				CLANG_WARN_OBJC_IMPLICIT_RETAIN_SELF = YES;
				CLANG_WARN_OBJC_LITERAL_CONVERSION = YES;
				CLANG_WARN_OBJC_ROOT_CLASS = YES_ERROR;
				CLANG_WARN_QUOTED_INCLUDE_IN_FRAMEWORK_HEADER = YES;
				CLANG_WARN_RANGE_LOOP_ANALYSIS = YES;
				CLANG_WARN_STRICT_PROTOTYPES = YES;
				CLANG_WARN_SUSPICIOUS_MOVE = YES;
				CLANG_WARN_UNGUARDED_AVAILABILITY = YES_AGGRESSIVE;
				CLANG_WARN_UNREACHABLE_CODE = YES;
				CLANG_WARN__DUPLICATE_METHOD_MATCH = YES;
				COPY_PHASE_STRIP = NO;
				DEBUG_INFORMATION_FORMAT = dwarf;
				ENABLE_STRICT_OBJC_MSGSEND = YES;
				ENABLE_TESTABILITY = YES;
				GCC_C_LANGUAGE_STANDARD = gnu11;
				GCC_DYNAMIC_NO_PIC = NO;
				GCC_NO_COMMON_BLOCKS = YES;
				GCC_OPTIMIZATION_LEVEL = 0;
				GCC_PREPROCESSOR_DEFINITIONS = (
					"DEBUG=1",
					"$(inherited)",
				);
				GCC_WARN_64_TO_32_BIT_CONVERSION = YES;
				GCC_WARN_ABOUT_RETURN_TYPE = YES_ERROR;
				GCC_WARN_UNDECLARED_SELECTOR = YES;
				GCC_WARN_UNINITIALIZED_AUTOS = YES_AGGRESSIVE;
				GCC_WARN_UNUSED_FUNCTION = YES;
				GCC_WARN_UNUSED_VARIABLE = YES;
				IPHONEOS_DEPLOYMENT_TARGET = 15.2;
				MTL_ENABLE_DEBUG_INFO = INCLUDE_SOURCE;
				MTL_FAST_MATH = YES;
				ONLY_ACTIVE_ARCH = YES;
				SDKROOT = iphoneos;
				SWIFT_ACTIVE_COMPILATION_CONDITIONS = DEBUG;
				SWIFT_OPTIMIZATION_LEVEL = "-Onone";
				SWIFT_OPTIMIZE_OBJECT_LIFETIME = YES;
			};
			name = Debug;
		};
		30723F52289BEA5600BFF19B /* Release */ = {
			isa = XCBuildConfiguration;
			buildSettings = {
				ALWAYS_SEARCH_USER_PATHS = NO;
				CLANG_ANALYZER_NONNULL = YES;
				CLANG_ANALYZER_NUMBER_OBJECT_CONVERSION = YES_AGGRESSIVE;
				CLANG_CXX_LANGUAGE_STANDARD = "gnu++17";
				CLANG_ENABLE_MODULES = YES;
				CLANG_ENABLE_OBJC_ARC = YES;
				CLANG_ENABLE_OBJC_WEAK = YES;
				CLANG_WARN_BLOCK_CAPTURE_AUTORELEASING = YES;
				CLANG_WARN_BOOL_CONVERSION = YES;
				CLANG_WARN_COMMA = YES;
				CLANG_WARN_CONSTANT_CONVERSION = YES;
				CLANG_WARN_DEPRECATED_OBJC_IMPLEMENTATIONS = YES;
				CLANG_WARN_DIRECT_OBJC_ISA_USAGE = YES_ERROR;
				CLANG_WARN_DOCUMENTATION_COMMENTS = YES;
				CLANG_WARN_EMPTY_BODY = YES;
				CLANG_WARN_ENUM_CONVERSION = YES;
				CLANG_WARN_INFINITE_RECURSION = YES;
				CLANG_WARN_INT_CONVERSION = YES;
				CLANG_WARN_NON_LITERAL_NULL_CONVERSION = YES;
				CLANG_WARN_OBJC_IMPLICIT_RETAIN_SELF = YES;
				CLANG_WARN_OBJC_LITERAL_CONVERSION = YES;
				CLANG_WARN_OBJC_ROOT_CLASS = YES_ERROR;
				CLANG_WARN_QUOTED_INCLUDE_IN_FRAMEWORK_HEADER = YES;
				CLANG_WARN_RANGE_LOOP_ANALYSIS = YES;
				CLANG_WARN_STRICT_PROTOTYPES = YES;
				CLANG_WARN_SUSPICIOUS_MOVE = YES;
				CLANG_WARN_UNGUARDED_AVAILABILITY = YES_AGGRESSIVE;
				CLANG_WARN_UNREACHABLE_CODE = YES;
				CLANG_WARN__DUPLICATE_METHOD_MATCH = YES;
				COPY_PHASE_STRIP = NO;
				DEBUG_INFORMATION_FORMAT = "dwarf-with-dsym";
				ENABLE_NS_ASSERTIONS = NO;
				ENABLE_STRICT_OBJC_MSGSEND = YES;
				GCC_C_LANGUAGE_STANDARD = gnu11;
				GCC_NO_COMMON_BLOCKS = YES;
				GCC_WARN_64_TO_32_BIT_CONVERSION = YES;
				GCC_WARN_ABOUT_RETURN_TYPE = YES_ERROR;
				GCC_WARN_UNDECLARED_SELECTOR = YES;
				GCC_WARN_UNINITIALIZED_AUTOS = YES_AGGRESSIVE;
				GCC_WARN_UNUSED_FUNCTION = YES;
				GCC_WARN_UNUSED_VARIABLE = YES;
				IPHONEOS_DEPLOYMENT_TARGET = 15.2;
				MTL_ENABLE_DEBUG_INFO = NO;
				MTL_FAST_MATH = YES;
				SDKROOT = iphoneos;
				SWIFT_COMPILATION_MODE = wholemodule;
				SWIFT_OPTIMIZATION_LEVEL = "-O";
				SWIFT_OPTIMIZE_OBJECT_LIFETIME = YES;
				VALIDATE_PRODUCT = YES;
			};
			name = Release;
		};
		30723F54289BEA5600BFF19B /* Debug */ = {
			isa = XCBuildConfiguration;
			buildSettings = {
				ASSETCATALOG_COMPILER_APPICON_NAME = AppIcon;
				ASSETCATALOG_COMPILER_GLOBAL_ACCENT_COLOR_NAME = AccentColor;
				CODE_SIGN_STYLE = Automatic;
				CURRENT_PROJECT_VERSION = 1;
				DEVELOPMENT_TEAM = VE4B6ZGW6Y;
				GENERATE_INFOPLIST_FILE = YES;
				INFOPLIST_FILE = ListMovieExample/Info.plist;
				INFOPLIST_KEY_UIApplicationSupportsIndirectInputEvents = YES;
				INFOPLIST_KEY_UILaunchStoryboardName = LaunchScreen;
				INFOPLIST_KEY_UIMainStoryboardFile = Main;
				INFOPLIST_KEY_UISupportedInterfaceOrientations_iPad = "UIInterfaceOrientationPortrait UIInterfaceOrientationPortraitUpsideDown UIInterfaceOrientationLandscapeLeft UIInterfaceOrientationLandscapeRight";
				INFOPLIST_KEY_UISupportedInterfaceOrientations_iPhone = "UIInterfaceOrientationPortrait UIInterfaceOrientationLandscapeLeft UIInterfaceOrientationLandscapeRight";
				IPHONEOS_DEPLOYMENT_TARGET = 15.2;
				LD_RUNPATH_SEARCH_PATHS = (
					"$(inherited)",
					"@executable_path/Frameworks",
				);
				MARKETING_VERSION = 1.0;
				PRODUCT_BUNDLE_IDENTIFIER = com.vnpay.ScanID.ListMovieExample;
				PRODUCT_NAME = "$(TARGET_NAME)";
				SWIFT_EMIT_LOC_STRINGS = YES;
				SWIFT_VERSION = 5.0;
				TARGETED_DEVICE_FAMILY = "1,2";
			};
			name = Debug;
		};
		30723F55289BEA5600BFF19B /* Release */ = {
			isa = XCBuildConfiguration;
			buildSettings = {
				ASSETCATALOG_COMPILER_APPICON_NAME = AppIcon;
				ASSETCATALOG_COMPILER_GLOBAL_ACCENT_COLOR_NAME = AccentColor;
				CODE_SIGN_STYLE = Automatic;
				CURRENT_PROJECT_VERSION = 1;
				DEVELOPMENT_TEAM = VE4B6ZGW6Y;
				GENERATE_INFOPLIST_FILE = YES;
				INFOPLIST_FILE = ListMovieExample/Info.plist;
				INFOPLIST_KEY_UIApplicationSupportsIndirectInputEvents = YES;
				INFOPLIST_KEY_UILaunchStoryboardName = LaunchScreen;
				INFOPLIST_KEY_UIMainStoryboardFile = Main;
				INFOPLIST_KEY_UISupportedInterfaceOrientations_iPad = "UIInterfaceOrientationPortrait UIInterfaceOrientationPortraitUpsideDown UIInterfaceOrientationLandscapeLeft UIInterfaceOrientationLandscapeRight";
				INFOPLIST_KEY_UISupportedInterfaceOrientations_iPhone = "UIInterfaceOrientationPortrait UIInterfaceOrientationLandscapeLeft UIInterfaceOrientationLandscapeRight";
				IPHONEOS_DEPLOYMENT_TARGET = 15.2;
				LD_RUNPATH_SEARCH_PATHS = (
					"$(inherited)",
					"@executable_path/Frameworks",
				);
				MARKETING_VERSION = 1.0;
				PRODUCT_BUNDLE_IDENTIFIER = com.vnpay.ScanID.ListMovieExample;
				PRODUCT_NAME = "$(TARGET_NAME)";
				SWIFT_EMIT_LOC_STRINGS = YES;
				SWIFT_VERSION = 5.0;
				TARGETED_DEVICE_FAMILY = "1,2";
			};
			name = Release;
		};
		30723F57289BEA5600BFF19B /* Debug */ = {
			isa = XCBuildConfiguration;
			buildSettings = {
				ALWAYS_EMBED_SWIFT_STANDARD_LIBRARIES = YES;
				BUNDLE_LOADER = "$(TEST_HOST)";
				CODE_SIGN_STYLE = Automatic;
				CURRENT_PROJECT_VERSION = 1;
				DEVELOPMENT_TEAM = VE4B6ZGW6Y;
				GENERATE_INFOPLIST_FILE = YES;
				IPHONEOS_DEPLOYMENT_TARGET = 15.2;
				MARKETING_VERSION = 1.0;
				PRODUCT_BUNDLE_IDENTIFIER = com.vnpay.ScanID.ListMovieExampleTests;
				PRODUCT_NAME = "$(TARGET_NAME)";
				SWIFT_EMIT_LOC_STRINGS = NO;
				SWIFT_VERSION = 5.0;
				TARGETED_DEVICE_FAMILY = "1,2";
				TEST_HOST = "$(BUILT_PRODUCTS_DIR)/ListMovieExample.app/ListMovieExample";
			};
			name = Debug;
		};
		30723F58289BEA5600BFF19B /* Release */ = {
			isa = XCBuildConfiguration;
			buildSettings = {
				ALWAYS_EMBED_SWIFT_STANDARD_LIBRARIES = YES;
				BUNDLE_LOADER = "$(TEST_HOST)";
				CODE_SIGN_STYLE = Automatic;
				CURRENT_PROJECT_VERSION = 1;
				DEVELOPMENT_TEAM = VE4B6ZGW6Y;
				GENERATE_INFOPLIST_FILE = YES;
				IPHONEOS_DEPLOYMENT_TARGET = 15.2;
				MARKETING_VERSION = 1.0;
				PRODUCT_BUNDLE_IDENTIFIER = com.vnpay.ScanID.ListMovieExampleTests;
				PRODUCT_NAME = "$(TARGET_NAME)";
				SWIFT_EMIT_LOC_STRINGS = NO;
				SWIFT_VERSION = 5.0;
				TARGETED_DEVICE_FAMILY = "1,2";
				TEST_HOST = "$(BUILT_PRODUCTS_DIR)/ListMovieExample.app/ListMovieExample";
			};
			name = Release;
		};
		30723F5A289BEA5600BFF19B /* Debug */ = {
			isa = XCBuildConfiguration;
			buildSettings = {
				ALWAYS_EMBED_SWIFT_STANDARD_LIBRARIES = YES;
				CODE_SIGN_STYLE = Automatic;
				CURRENT_PROJECT_VERSION = 1;
				DEVELOPMENT_TEAM = VE4B6ZGW6Y;
				GENERATE_INFOPLIST_FILE = YES;
				IPHONEOS_DEPLOYMENT_TARGET = 15.1;
				MARKETING_VERSION = 1.0;
				PRODUCT_BUNDLE_IDENTIFIER = com.vnpay.ScanID.ListMovieExampleUITests;
				PRODUCT_NAME = "$(TARGET_NAME)";
				SWIFT_EMIT_LOC_STRINGS = NO;
				SWIFT_VERSION = 5.0;
				TARGETED_DEVICE_FAMILY = "1,2";
				TEST_TARGET_NAME = ListMovieExample;
			};
			name = Debug;
		};
		30723F5B289BEA5600BFF19B /* Release */ = {
			isa = XCBuildConfiguration;
			buildSettings = {
				ALWAYS_EMBED_SWIFT_STANDARD_LIBRARIES = YES;
				CODE_SIGN_STYLE = Automatic;
				CURRENT_PROJECT_VERSION = 1;
				DEVELOPMENT_TEAM = VE4B6ZGW6Y;
				GENERATE_INFOPLIST_FILE = YES;
				IPHONEOS_DEPLOYMENT_TARGET = 15.1;
				MARKETING_VERSION = 1.0;
				PRODUCT_BUNDLE_IDENTIFIER = com.vnpay.ScanID.ListMovieExampleUITests;
				PRODUCT_NAME = "$(TARGET_NAME)";
				SWIFT_EMIT_LOC_STRINGS = NO;
				SWIFT_VERSION = 5.0;
				TARGETED_DEVICE_FAMILY = "1,2";
				TEST_TARGET_NAME = ListMovieExample;
			};
			name = Release;
		};
/* End XCBuildConfiguration section */

/* Begin XCConfigurationList section */
		30723F24289BEA5400BFF19B /* Build configuration list for PBXProject "ListMovieExample" */ = {
			isa = XCConfigurationList;
			buildConfigurations = (
				30723F51289BEA5600BFF19B /* Debug */,
				30723F52289BEA5600BFF19B /* Release */,
			);
			defaultConfigurationIsVisible = 0;
			defaultConfigurationName = Release;
		};
		30723F53289BEA5600BFF19B /* Build configuration list for PBXNativeTarget "ListMovieExample" */ = {
			isa = XCConfigurationList;
			buildConfigurations = (
				30723F54289BEA5600BFF19B /* Debug */,
				30723F55289BEA5600BFF19B /* Release */,
			);
			defaultConfigurationIsVisible = 0;
			defaultConfigurationName = Release;
		};
		30723F56289BEA5600BFF19B /* Build configuration list for PBXNativeTarget "ListMovieExampleTests" */ = {
			isa = XCConfigurationList;
			buildConfigurations = (
				30723F57289BEA5600BFF19B /* Debug */,
				30723F58289BEA5600BFF19B /* Release */,
			);
			defaultConfigurationIsVisible = 0;
			defaultConfigurationName = Release;
		};
		30723F59289BEA5600BFF19B /* Build configuration list for PBXNativeTarget "ListMovieExampleUITests" */ = {
			isa = XCConfigurationList;
			buildConfigurations = (
				30723F5A289BEA5600BFF19B /* Debug */,
				30723F5B289BEA5600BFF19B /* Release */,
			);
			defaultConfigurationIsVisible = 0;
			defaultConfigurationName = Release;
		};
/* End XCConfigurationList section */

/* Begin XCRemoteSwiftPackageReference section */
		30294D9328B5D039004EFF53 /* XCRemoteSwiftPackageReference "Alamofire" */ = {
			isa = XCRemoteSwiftPackageReference;
			repositoryURL = "https://github.com/Alamofire/Alamofire";
			requirement = {
				branch = master;
				kind = branch;
			};
		};
		30294D9628B5D04B004EFF53 /* XCRemoteSwiftPackageReference "RxSwift" */ = {
			isa = XCRemoteSwiftPackageReference;
			repositoryURL = "https://github.com/ReactiveX/RxSwift";
			requirement = {
				branch = main;
				kind = branch;
			};
		};
		30294D9B28B5D062004EFF53 /* XCRemoteSwiftPackageReference "SDWebImage" */ = {
			isa = XCRemoteSwiftPackageReference;
			repositoryURL = "https://github.com/SDWebImage/SDWebImage";
			requirement = {
				branch = master;
				kind = branch;
			};
		};
/* End XCRemoteSwiftPackageReference section */

/* Begin XCSwiftPackageProductDependency section */
		3098968628BEF0B200402408 /* Alamofire */ = {
			isa = XCSwiftPackageProductDependency;
			package = 30294D9328B5D039004EFF53 /* XCRemoteSwiftPackageReference "Alamofire" */;
			productName = Alamofire;
		};
		3098968828BEF0B200402408 /* RxCocoa */ = {
			isa = XCSwiftPackageProductDependency;
			package = 30294D9628B5D04B004EFF53 /* XCRemoteSwiftPackageReference "RxSwift" */;
			productName = RxCocoa;
		};
		3098968A28BEF0B200402408 /* RxSwift */ = {
			isa = XCSwiftPackageProductDependency;
			package = 30294D9628B5D04B004EFF53 /* XCRemoteSwiftPackageReference "RxSwift" */;
			productName = RxSwift;
		};
		3098968C28BEF0B200402408 /* SDWebImage */ = {
			isa = XCSwiftPackageProductDependency;
			package = 30294D9B28B5D062004EFF53 /* XCRemoteSwiftPackageReference "SDWebImage" */;
			productName = SDWebImage;
		};
/* End XCSwiftPackageProductDependency section */
	};
	rootObject = 30723F21289BEA5400BFF19B /* Project object */;
}
